
Microsoft Visual Studio Solution File, Format Version 12.00
# Visual Studio Version 17
VisualStudioVersion = 17.3.32519.111
MinimumVisualStudioVersion = 10.0.40219.1
Project("{FAE04EC0-301F-11D3-BF4B-00C04F79EFBC}") = "Stock Stuff Net 5", "Stock Stuff Net 5\Stock Stuff Net 5.csproj", "{56AEB71D-CC3F-48B7-96D5-5E734AACC86C}"
EndProject
Global
	GlobalSection(SolutionConfigurationPlatforms) = preSolution
		Debug|Any CPU = Debug|Any CPU
		Release|Any CPU = Release|Any CPU
	EndGlobalSection
	GlobalSection(ProjectConfigurationPlatforms) = postSolution
		{56AEB71D-CC3F-48B7-96D5-5E734AACC86C}.Debug|Any CPU.ActiveCfg = Debug|Any CPU
		{56AEB71D-CC3F-48B7-96D5-5E734AACC86C}.Debug|Any CPU.Build.0 = Debug|Any CPU
		{56AEB71D-CC3F-48B7-96D5-5E734AACC86C}.Release|Any CPU.ActiveCfg = Release|Any CPU
		{56AEB71D-CC3F-48B7-96D5-5E734AACC86C}.Release|Any CPU.Build.0 = Release|Any CPU
	EndGlobalSection
	GlobalSection(SolutionProperties) = preSolution
		HideSolutionNode = FALSE
	EndGlobalSection
	GlobalSection(ExtensibilityGlobals) = postSolution
		SolutionGuid = {348BA62F-9038-4094-967C-76DDFBD1B5DD}
	EndGlobalSection
EndGlobal
